
Microsoft Visual Studio Solution File, Format Version 9.00
# Visual Studio 2005
Project("{059D6162-CD51-11D0-AE1F-00A0C90FFFC3}") = "ClipCxSrv", "ClipCxSrv.dsp", "{1EED1784-FFB1-468A-8275-3356F22A7ABD}"
EndProject
Global
	GlobalSection(SolutionProperties) = preSolution
		HideSolutionNode = FALSE
	EndGlobalSection
EndGlobal
